
Microsoft Visual Studio Solution File, Format Version 12.00
# Visual Studio 2013
VisualStudioVersion = 12.0.31101.0
MinimumVisualStudioVersion = 10.0.40219.1
Project("{FAE04EC0-301F-11D3-BF4B-00C04F79EFBC}") = "Util", "Util\Util.csproj", "{2D6F2D9A-04C9-42B0-8960-401892F75A61}"
EndProject
Project("{FAE04EC0-301F-11D3-BF4B-00C04F79EFBC}") = "Business.Entities", "Business.Entities\Business.Entities.csproj", "{DCE5D59F-24C7-43B8-BF3B-09CF0C137EB8}"
EndProject
Project("{FAE04EC0-301F-11D3-BF4B-00C04F79EFBC}") = "Data.Database", "Data.Database\Data.Database.csproj", "{18D1C50F-58E0-4D94-B05B-4A95A146E6BB}"
EndProject
Project("{FAE04EC0-301F-11D3-BF4B-00C04F79EFBC}") = "UI.Consola", "UI.Consola\UI.Consola.csproj", "{00ADD194-0487-4C07-839F-706FF9593AF9}"
EndProject
Project("{FAE04EC0-301F-11D3-BF4B-00C04F79EFBC}") = "Business.Logic", "Business.Logic\Business.Logic.csproj", "{7D8C668B-AA36-4E93-B970-C8F2002845C4}"
EndProject
Project("{FAE04EC0-301F-11D3-BF4B-00C04F79EFBC}") = "UI.Desktop", "UI.Desktop\UI.Desktop.csproj", "{00375BCB-F5EC-4502-8D4D-33F1BC492069}"
EndProject
Project("{FAE04EC0-301F-11D3-BF4B-00C04F79EFBC}") = "UI.Web", "UI.Web\UI.Web.csproj", "{8AE86B13-19FA-42D5-8227-D3DE0C55DB76}"
EndProject
Global
	GlobalSection(SolutionConfigurationPlatforms) = preSolution
		Debug|Any CPU = Debug|Any CPU
		Release|Any CPU = Release|Any CPU
	EndGlobalSection
	GlobalSection(ProjectConfigurationPlatforms) = postSolution
		{2D6F2D9A-04C9-42B0-8960-401892F75A61}.Debug|Any CPU.ActiveCfg = Debug|Any CPU
		{2D6F2D9A-04C9-42B0-8960-401892F75A61}.Debug|Any CPU.Build.0 = Debug|Any CPU
		{2D6F2D9A-04C9-42B0-8960-401892F75A61}.Release|Any CPU.ActiveCfg = Release|Any CPU
		{2D6F2D9A-04C9-42B0-8960-401892F75A61}.Release|Any CPU.Build.0 = Release|Any CPU
		{DCE5D59F-24C7-43B8-BF3B-09CF0C137EB8}.Debug|Any CPU.ActiveCfg = Debug|Any CPU
		{DCE5D59F-24C7-43B8-BF3B-09CF0C137EB8}.Debug|Any CPU.Build.0 = Debug|Any CPU
		{DCE5D59F-24C7-43B8-BF3B-09CF0C137EB8}.Release|Any CPU.ActiveCfg = Release|Any CPU
		{DCE5D59F-24C7-43B8-BF3B-09CF0C137EB8}.Release|Any CPU.Build.0 = Release|Any CPU
		{18D1C50F-58E0-4D94-B05B-4A95A146E6BB}.Debug|Any CPU.ActiveCfg = Debug|Any CPU
		{18D1C50F-58E0-4D94-B05B-4A95A146E6BB}.Debug|Any CPU.Build.0 = Debug|Any CPU
		{18D1C50F-58E0-4D94-B05B-4A95A146E6BB}.Release|Any CPU.ActiveCfg = Release|Any CPU
		{18D1C50F-58E0-4D94-B05B-4A95A146E6BB}.Release|Any CPU.Build.0 = Release|Any CPU
		{00ADD194-0487-4C07-839F-706FF9593AF9}.Debug|Any CPU.ActiveCfg = Debug|Any CPU
		{00ADD194-0487-4C07-839F-706FF9593AF9}.Debug|Any CPU.Build.0 = Debug|Any CPU
		{00ADD194-0487-4C07-839F-706FF9593AF9}.Release|Any CPU.ActiveCfg = Release|Any CPU
		{00ADD194-0487-4C07-839F-706FF9593AF9}.Release|Any CPU.Build.0 = Release|Any CPU
		{7D8C668B-AA36-4E93-B970-C8F2002845C4}.Debug|Any CPU.ActiveCfg = Debug|Any CPU
		{7D8C668B-AA36-4E93-B970-C8F2002845C4}.Debug|Any CPU.Build.0 = Debug|Any CPU
		{7D8C668B-AA36-4E93-B970-C8F2002845C4}.Release|Any CPU.ActiveCfg = Release|Any CPU
		{7D8C668B-AA36-4E93-B970-C8F2002845C4}.Release|Any CPU.Build.0 = Release|Any CPU
		{00375BCB-F5EC-4502-8D4D-33F1BC492069}.Debug|Any CPU.ActiveCfg = Debug|Any CPU
		{00375BCB-F5EC-4502-8D4D-33F1BC492069}.Debug|Any CPU.Build.0 = Debug|Any CPU
		{00375BCB-F5EC-4502-8D4D-33F1BC492069}.Release|Any CPU.ActiveCfg = Release|Any CPU
		{00375BCB-F5EC-4502-8D4D-33F1BC492069}.Release|Any CPU.Build.0 = Release|Any CPU
		{8AE86B13-19FA-42D5-8227-D3DE0C55DB76}.Debug|Any CPU.ActiveCfg = Debug|Any CPU
		{8AE86B13-19FA-42D5-8227-D3DE0C55DB76}.Debug|Any CPU.Build.0 = Debug|Any CPU
		{8AE86B13-19FA-42D5-8227-D3DE0C55DB76}.Release|Any CPU.ActiveCfg = Release|Any CPU
		{8AE86B13-19FA-42D5-8227-D3DE0C55DB76}.Release|Any CPU.Build.0 = Release|Any CPU
	EndGlobalSection
	GlobalSection(SolutionProperties) = preSolution
		HideSolutionNode = FALSE
	EndGlobalSection
EndGlobal
